# THIS IS AN AUTOGENERATED FILE. DO NOT EDIT THIS FILE DIRECTLY.
# yarn lockfile v1


"@algolia/autocomplete-core@1.7.2":
  version "1.7.2"
  resolved "https://registry.yarnpkg.com/@algolia/autocomplete-core/-/autocomplete-core-1.7.2.tgz#8abbed88082f611997538760dffcb43b33b1fd1d"
  integrity sha512-eclwUDC6qfApNnEfu1uWcL/rudQsn59tjEoUYZYE2JSXZrHLRjBUGMxiCoknobU2Pva8ejb0eRxpIYDtVVqdsw==
  dependencies:
    "@algolia/autocomplete-shared" "1.7.2"

"@algolia/autocomplete-preset-algolia@1.7.2":
  version "1.7.2"
  resolved "https://registry.yarnpkg.com/@algolia/autocomplete-preset-algolia/-/autocomplete-preset-algolia-1.7.2.tgz#9cd4f64b3d64399657ee2dc2b7e0a939e0713a26"
  integrity sha512-+RYEG6B0QiGGfRb2G3MtPfyrl0dALF3cQNTWBzBX6p5o01vCCGTTinAm2UKG3tfc2CnOMAtnPLkzNZyJUpnVJw==
  dependencies:
    "@algolia/autocomplete-shared" "1.7.2"

"@algolia/autocomplete-shared@1.7.2":
  version "1.7.2"
  resolved "https://registry.yarnpkg.com/@algolia/autocomplete-shared/-/autocomplete-shared-1.7.2.tgz#daa23280e78d3b42ae9564d12470ae034db51a89"
  integrity sha512-QCckjiC7xXHIUaIL3ektBtjJ0w7tTA3iqKcAE/Hjn1lZ5omp7i3Y4e09rAr9ZybqirL7AbxCLLq0Ra5DDPKeug==

"@algolia/cache-browser-local-storage@4.14.2":
  version "4.14.2"
  resolved "https://registry.yarnpkg.com/@algolia/cache-browser-local-storage/-/cache-browser-local-storage-4.14.2.tgz#d5b1b90130ca87c6321de876e167df9ec6524936"
  integrity sha512-FRweBkK/ywO+GKYfAWbrepewQsPTIEirhi1BdykX9mxvBPtGNKccYAxvGdDCumU1jL4r3cayio4psfzKMejBlA==
  dependencies:
    "@algolia/cache-common" "4.14.2"

"@algolia/cache-common@4.14.2":
  version "4.14.2"
  resolved "https://registry.yarnpkg.com/@algolia/cache-common/-/cache-common-4.14.2.tgz#b946b6103c922f0c06006fb6929163ed2c67d598"
  integrity sha512-SbvAlG9VqNanCErr44q6lEKD2qoK4XtFNx9Qn8FK26ePCI8I9yU7pYB+eM/cZdS9SzQCRJBbHUumVr4bsQ4uxg==

"@algolia/cache-in-memory@4.14.2":
  version "4.14.2"
  resolved "https://registry.yarnpkg.com/@algolia/cache-in-memory/-/cache-in-memory-4.14.2.tgz#88e4a21474f9ac05331c2fa3ceb929684a395a24"
  integrity sha512-HrOukWoop9XB/VFojPv1R5SVXowgI56T9pmezd/djh2JnVN/vXswhXV51RKy4nCpqxyHt/aGFSq2qkDvj6KiuQ==
  dependencies:
    "@algolia/cache-common" "4.14.2"

"@algolia/client-account@4.14.2":
  version "4.14.2"
  resolved "https://registry.yarnpkg.com/@algolia/client-account/-/client-account-4.14.2.tgz#b76ac1ba9ea71e8c3f77a1805b48350dc0728a16"
  integrity sha512-WHtriQqGyibbb/Rx71YY43T0cXqyelEU0lB2QMBRXvD2X0iyeGl4qMxocgEIcbHyK7uqE7hKgjT8aBrHqhgc1w==
  dependencies:
    "@algolia/client-common" "4.14.2"
    "@algolia/client-search" "4.14.2"
    "@algolia/transporter" "4.14.2"

"@algolia/client-analytics@4.14.2":
  version "4.14.2"
  resolved "https://registry.yarnpkg.com/@algolia/client-analytics/-/client-analytics-4.14.2.tgz#ca04dcaf9a78ee5c92c5cb5e9c74cf031eb2f1fb"
  integrity sha512-yBvBv2mw+HX5a+aeR0dkvUbFZsiC4FKSnfqk9rrfX+QrlNOKEhCG0tJzjiOggRW4EcNqRmaTULIYvIzQVL2KYQ==
  dependencies:
    "@algolia/client-common" "4.14.2"
    "@algolia/client-search" "4.14.2"
    "@algolia/requester-common" "4.14.2"
    "@algolia/transporter" "4.14.2"

"@algolia/client-common@4.14.2":
  version "4.14.2"
  resolved "https://registry.yarnpkg.com/@algolia/client-common/-/client-common-4.14.2.tgz#e1324e167ffa8af60f3e8bcd122110fd0bfd1300"
  integrity sha512-43o4fslNLcktgtDMVaT5XwlzsDPzlqvqesRi4MjQz2x4/Sxm7zYg5LRYFol1BIhG6EwxKvSUq8HcC/KxJu3J0Q==
  dependencies:
    "@algolia/requester-common" "4.14.2"
    "@algolia/transporter" "4.14.2"

"@algolia/client-personalization@4.14.2":
  version "4.14.2"
  resolved "https://registry.yarnpkg.com/@algolia/client-personalization/-/client-personalization-4.14.2.tgz#656bbb6157a3dd1a4be7de65e457fda136c404ec"
  integrity sha512-ACCoLi0cL8CBZ1W/2juehSltrw2iqsQBnfiu/Rbl9W2yE6o2ZUb97+sqN/jBqYNQBS+o0ekTMKNkQjHHAcEXNw==
  dependencies:
    "@algolia/client-common" "4.14.2"
    "@algolia/requester-common" "4.14.2"
    "@algolia/transporter" "4.14.2"

"@algolia/client-search@4.14.2":
  version "4.14.2"
  resolved "https://registry.yarnpkg.com/@algolia/client-search/-/client-search-4.14.2.tgz#357bdb7e640163f0e33bad231dfcc21f67dc2e92"
  integrity sha512-L5zScdOmcZ6NGiVbLKTvP02UbxZ0njd5Vq9nJAmPFtjffUSOGEp11BmD2oMJ5QvARgx2XbX4KzTTNS5ECYIMWw==
  dependencies:
    "@algolia/client-common" "4.14.2"
    "@algolia/requester-common" "4.14.2"
    "@algolia/transporter" "4.14.2"

"@algolia/logger-common@4.14.2":
  version "4.14.2"
  resolved "https://registry.yarnpkg.com/@algolia/logger-common/-/logger-common-4.14.2.tgz#b74b3a92431f92665519d95942c246793ec390ee"
  integrity sha512-/JGlYvdV++IcMHBnVFsqEisTiOeEr6cUJtpjz8zc0A9c31JrtLm318Njc72p14Pnkw3A/5lHHh+QxpJ6WFTmsA==

"@algolia/logger-console@4.14.2":
  version "4.14.2"
  resolved "https://registry.yarnpkg.com/@algolia/logger-console/-/logger-console-4.14.2.tgz#ec49cb47408f5811d4792598683923a800abce7b"
  integrity sha512-8S2PlpdshbkwlLCSAB5f8c91xyc84VM9Ar9EdfE9UmX+NrKNYnWR1maXXVDQQoto07G1Ol/tYFnFVhUZq0xV/g==
  dependencies:
    "@algolia/logger-common" "4.14.2"

"@algolia/requester-browser-xhr@4.14.2":
  version "4.14.2"
  resolved "https://registry.yarnpkg.com/@algolia/requester-browser-xhr/-/requester-browser-xhr-4.14.2.tgz#a2cd4d9d8d90d53109cc7f3682dc6ebf20f798f2"
  integrity sha512-CEh//xYz/WfxHFh7pcMjQNWgpl4wFB85lUMRyVwaDPibNzQRVcV33YS+63fShFWc2+42YEipFGH2iPzlpszmDw==
  dependencies:
    "@algolia/requester-common" "4.14.2"

"@algolia/requester-common@4.14.2":
  version "4.14.2"
  resolved "https://registry.yarnpkg.com/@algolia/requester-common/-/requester-common-4.14.2.tgz#bc4e9e5ee16c953c0ecacbfb334a33c30c28b1a1"
  integrity sha512-73YQsBOKa5fvVV3My7iZHu1sUqmjjfs9TteFWwPwDmnad7T0VTCopttcsM3OjLxZFtBnX61Xxl2T2gmG2O4ehg==

"@algolia/requester-node-http@4.14.2":
  version "4.14.2"
  resolved "https://registry.yarnpkg.com/@algolia/requester-node-http/-/requester-node-http-4.14.2.tgz#7c1223a1785decaab1def64c83dade6bea45e115"
  integrity sha512-oDbb02kd1o5GTEld4pETlPZLY0e+gOSWjWMJHWTgDXbv9rm/o2cF7japO6Vj1ENnrqWvLBmW1OzV9g6FUFhFXg==
  dependencies:
    "@algolia/requester-common" "4.14.2"

"@algolia/transporter@4.14.2":
  version "4.14.2"
  resolved "https://registry.yarnpkg.com/@algolia/transporter/-/transporter-4.14.2.tgz#77c069047fb1a4359ee6a51f51829508e44a1e3d"
  integrity sha512-t89dfQb2T9MFQHidjHcfhh6iGMNwvuKUvojAj+JsrHAGbuSy7yE4BylhLX6R0Q1xYRoC4Vvv+O5qIw/LdnQfsQ==
  dependencies:
    "@algolia/cache-common" "4.14.2"
    "@algolia/logger-common" "4.14.2"
    "@algolia/requester-common" "4.14.2"

"@babel/parser@^7.16.4":
  version "7.20.5"
  resolved "https://registry.yarnpkg.com/@babel/parser/-/parser-7.20.5.tgz#7f3c7335fe417665d929f34ae5dceae4c04015e8"
  integrity sha512-r27t/cy/m9uKLXQNWWebeCUHgnAZq0CpG1OwKRxzJMP1vpSU4bSIK2hq+/cp0bQxetkXx38n09rNu8jVkcK/zA==

"@docsearch/css@3.3.0", "@docsearch/css@^3.3.0":
  version "3.3.0"
  resolved "https://registry.yarnpkg.com/@docsearch/css/-/css-3.3.0.tgz#d698e48302d12240d7c2f7452ccb2d2239a8cd80"
  integrity sha512-rODCdDtGyudLj+Va8b6w6Y85KE85bXRsps/R4Yjwt5vueXKXZQKYw0aA9knxLBT6a/bI/GMrAcmCR75KYOM6hg==

"@docsearch/js@^3.3.0":
  version "3.3.0"
  resolved "https://registry.yarnpkg.com/@docsearch/js/-/js-3.3.0.tgz#c8f614b722cc8a6375e83f9c27557e9398d6a4d4"
  integrity sha512-oFXWRPNvPxAzBhnFJ9UCFIYZiQNc3Yrv6912nZHw/UIGxsyzKpNRZgHq8HDk1niYmOSoLKtVFcxkccpQmYGFyg==
  dependencies:
    "@docsearch/react" "3.3.0"
    preact "^10.0.0"

"@docsearch/react@3.3.0":
  version "3.3.0"
  resolved "https://registry.yarnpkg.com/@docsearch/react/-/react-3.3.0.tgz#b8ac8e7f49b9bf2f96d34c24bc1cfd097ec0eead"
  integrity sha512-fhS5adZkae2SSdMYEMVg6pxI5a/cE+tW16ki1V0/ur4Fdok3hBRkmN/H8VvlXnxzggkQIIRIVvYPn00JPjen3A==
  dependencies:
    "@algolia/autocomplete-core" "1.7.2"
    "@algolia/autocomplete-preset-algolia" "1.7.2"
    "@docsearch/css" "3.3.0"
    algoliasearch "^4.0.0"

"@esbuild/android-arm64@0.16.8":
  version "0.16.8"
  resolved "https://registry.yarnpkg.com/@esbuild/android-arm64/-/android-arm64-0.16.8.tgz#37837dd8092d98268d0c3cf682c1b4a284d33638"
  integrity sha512-TGQM/tdy5EV1KoFHu0+cMrKvPR8UBLGEfwS84PTCJ07KVp21Fr488aFEL2TCamz9CxoF1np36kY6XOSdLncg2Q==

"@esbuild/android-arm@0.16.8":
  version "0.16.8"
  resolved "https://registry.yarnpkg.com/@esbuild/android-arm/-/android-arm-0.16.8.tgz#bfe7e05ea51517948e93b190b3d8d8b7f1ce13f5"
  integrity sha512-r/qxYWkC3gY+Uq24wZacAUevGGb6d7d8VpyO8R0HGg31LXVi+eUr8XxHLCcmVzAjRjlZsZfzPelGpAKP/DafKg==

"@esbuild/android-x64@0.16.8":
  version "0.16.8"
  resolved "https://registry.yarnpkg.com/@esbuild/android-x64/-/android-x64-0.16.8.tgz#fb625a45f3f73f153e2497bcfdf42f62225851a4"
  integrity sha512-HtA4BNfrf5Nyoz3G2IS3qW4A0yckPJ1NjCMA3SiOw3zS1IfpMkbepDGp/Gdokc/tASFd38IP2uIL3W6bHJzAQw==

"@esbuild/darwin-arm64@0.16.8":
  version "0.16.8"
  resolved "https://registry.yarnpkg.com/@esbuild/darwin-arm64/-/darwin-arm64-0.16.8.tgz#46ace701d2e7f9981584ec719cd8da6f6088642b"
  integrity sha512-Ks8K1HGFf6LEjLnnVqB/zyaJcv7zMjbJ9txRZAwQwj+bzg8/AP0TmLBMJf9Ahwn6ATnHrhORtpydP8A/mNthXg==

"@esbuild/darwin-x64@0.16.8":
  version "0.16.8"
  resolved "https://registry.yarnpkg.com/@esbuild/darwin-x64/-/darwin-x64-0.16.8.tgz#a1de180765d63a247a892c3abdf32cc9497f55ab"
  integrity sha512-XXh2070hatspZdG/uPqyHLFlHlGbytvT4JlqZuTU3AizcyOvmatPBSnuARvwCtJMw30wjjehcYY8DWPZ5UF2og==

"@esbuild/freebsd-arm64@0.16.8":
  version "0.16.8"
  resolved "https://registry.yarnpkg.com/@esbuild/freebsd-arm64/-/freebsd-arm64-0.16.8.tgz#c52f25e4f74c1b50b7242a7aefd208652716a209"
  integrity sha512-6DJuU3+tG9LcHCG/4K3e0AnqmmKWhUc9WDNIhLHOOdleafXwZeFvsqwfyaowNg9yUw5KipRLvV3JJMQ8kT1aPg==

"@esbuild/freebsd-x64@0.16.8":
  version "0.16.8"
  resolved "https://registry.yarnpkg.com/@esbuild/freebsd-x64/-/freebsd-x64-0.16.8.tgz#fbec93f8fd4864b5882d62e45d2adf535ef2f582"
  integrity sha512-UcsCaR25C0tZWnoImprPzr7vMEMjLImlTQAIfWXU2wvjF4gBWKO9GEH2JlsKYqBjfWfGgH+HHoGSF/evZbKyxA==

"@esbuild/linux-arm64@0.16.8":
  version "0.16.8"
  resolved "https://registry.yarnpkg.com/@esbuild/linux-arm64/-/linux-arm64-0.16.8.tgz#ba2799f92f34a0ded78963892c8e5a3117b575fe"
  integrity sha512-WTL1v/OhSxgE7rEELRFNWskym0e+hKDMl4JZs7jpQp7218yJPOjdOEWsbzVEYv4G1cbbtWFvp9DtaAONtdCW5w==

"@esbuild/linux-arm@0.16.8":
  version "0.16.8"
  resolved "https://registry.yarnpkg.com/@esbuild/linux-arm/-/linux-arm-0.16.8.tgz#2b17c138f32ac00299bfdc9300c88f57e6bf04f9"
  integrity sha512-Hn36NbKd6Prh0Ehv1A2ObjfXtN2g81jTpmq1+uRLHrW7CJW+W8GdVgOCVwyeupADUIOOa8bars6IZGcjkwq21w==

"@esbuild/linux-ia32@0.16.8":
  version "0.16.8"
  resolved "https://registry.yarnpkg.com/@esbuild/linux-ia32/-/linux-ia32-0.16.8.tgz#7665de87f89bde21166da55f097f91d227945108"
  integrity sha512-Jt+8YBFR2Pk68oS7E9z9PtmgJrDonGdEW3Camb2plZcztKpu/OxfnxFu8f41+TYpKhzUDm5uNMwqxRH3yDYrsQ==

"@esbuild/linux-loong64@0.16.8":
  version "0.16.8"
  resolved "https://registry.yarnpkg.com/@esbuild/linux-loong64/-/linux-loong64-0.16.8.tgz#6ce9f86678d8b73dfd81672ab0477cf65e5ecf51"
  integrity sha512-P+5J/U/WwPEwcKOFTlTQBK6Gqw4OytpfBvR2V+kBRb5jujwMOQ1aG8iKX14DAwCLks1YHXrXPwXXDPNWEWC59A==

"@esbuild/linux-mips64el@0.16.8":
  version "0.16.8"
  resolved "https://registry.yarnpkg.com/@esbuild/linux-mips64el/-/linux-mips64el-0.16.8.tgz#6cf093dd9706e8f078868ffb91b602c1dc7f135e"
  integrity sha512-RDSnljcka9UkVxcLtWv2lG5zcqkZUxIPY47ZSKytv4aoo8b05dH1gnKVWrxBZ+owp3dX48s2lXm6zp3hZHl8qw==

"@esbuild/linux-ppc64@0.16.8":
  version "0.16.8"
  resolved "https://registry.yarnpkg.com/@esbuild/linux-ppc64/-/linux-ppc64-0.16.8.tgz#ed3f4aa0a835fc385554711cdc0ac785d2f3856d"
  integrity sha512-fNGvIKXyigXYhSflraBsqR/EBhXhuH0/0r7IpU+3reh+8yX3VjowjC/dwmqHDOSQXbcj+HJb1o9kWYi+fJQ/3g==

"@esbuild/linux-riscv64@0.16.8":
  version "0.16.8"
  resolved "https://registry.yarnpkg.com/@esbuild/linux-riscv64/-/linux-riscv64-0.16.8.tgz#7f1e1dee09b70041ab31ba770f9cc3cad78505f4"
  integrity sha512-CsE1IKyVq/Y55PDnBUvm/e7XfvBgfb5kZxHbIEdmB9xt6cTcBkaVvv8EwLDZuYPkYI60WGl0UwyYYx9B2LLgkg==

"@esbuild/linux-s390x@0.16.8":
  version "0.16.8"
  resolved "https://registry.yarnpkg.com/@esbuild/linux-s390x/-/linux-s390x-0.16.8.tgz#0641fbfd9fe1b7e14172ddd9c9dd396d402d54f9"
  integrity sha512-k8RIN4M+GWQAfJ/oGqwxZlpzOyGF8mxp5mH1A1WUJrpSUo4pe0zkq2EoP1KMQbYkjeJi45YsjwK3IOnSoueXbA==

"@esbuild/linux-x64@0.16.8":
  version "0.16.8"
  resolved "https://registry.yarnpkg.com/@esbuild/linux-x64/-/linux-x64-0.16.8.tgz#50b960e728845c4e16497b6344ff49cd18e68410"
  integrity sha512-u0hOo4E9PKyVDmPgJNeip1Tg63wxq+3KBJZKQFblqCl+d5N7n1h7pFwdN5ZzeLaaE645ep8aXzf76ndGnyOypg==

"@esbuild/netbsd-x64@0.16.8":
  version "0.16.8"
  resolved "https://registry.yarnpkg.com/@esbuild/netbsd-x64/-/netbsd-x64-0.16.8.tgz#c301af71797751766689460c2bd4516ead698c0e"
  integrity sha512-wtENU7TOrnEbUes9aQuNe5PeBM4cTK5dn1W7v6XCr1LatJxAOn6Jn8yDGRsa2uKeEbAS5HeYx7uBAbTBd98OXQ==

"@esbuild/openbsd-x64@0.16.8":
  version "0.16.8"
  resolved "https://registry.yarnpkg.com/@esbuild/openbsd-x64/-/openbsd-x64-0.16.8.tgz#8f10f04c6c80f04c7c1ee89e2f60ef5c791a8d4d"
  integrity sha512-Y0DRVd/PIiutCpAYvRZHkpDNN3tdSQ1oyKy6xoh5TFTElAmzdlO7CO8ABs8689gq47lJ466cQEq9adJrKXrgXg==

"@esbuild/sunos-x64@0.16.8":
  version "0.16.8"
  resolved "https://registry.yarnpkg.com/@esbuild/sunos-x64/-/sunos-x64-0.16.8.tgz#463cb5d29997216391eaeaca25ed8549dd464f8e"
  integrity sha512-eKg0I3C5z4NTF396Yo9QByXA8DdRS7QiYPFf6JHcED0BanyLW/jX8csUy96wyGivTNrmU0mCOShbeLgzb0eX7w==

"@esbuild/win32-arm64@0.16.8":
  version "0.16.8"
  resolved "https://registry.yarnpkg.com/@esbuild/win32-arm64/-/win32-arm64-0.16.8.tgz#f69f45591a0d5c54f52c9fdc124fb3c54c823b42"
  integrity sha512-M2BZhsa7z8kMGre96HTMXpm266cfJkbdtcZgVfAL8hY4ptkh5MwNDasl85CDo++ffW2issVT+W/xIGJOr0v2pg==

"@esbuild/win32-ia32@0.16.8":
  version "0.16.8"
  resolved "https://registry.yarnpkg.com/@esbuild/win32-ia32/-/win32-ia32-0.16.8.tgz#0fd3cba945998c5907b63a2af2943b248461e272"
  integrity sha512-mzzHVpnuHQT+IrptiW+uUswEMpVIueYuAkjwt1m4tQuVq9dGWqCA1y9EE+W3S19nMg6JvHMbaRjv3mlCcmi0rA==

"@esbuild/win32-x64@0.16.8":
  version "0.16.8"
  resolved "https://registry.yarnpkg.com/@esbuild/win32-x64/-/win32-x64-0.16.8.tgz#f77f4f51b1e088fd82e5dce258e83e5d255dc8ac"
  integrity sha512-Zgzyn7njXpSSe1YGQk03eW4uei4QoZKloe/TBQZXgQHo6ul/ux0BtYdLz3MZ8WDlvqTG3QnLV4+gtV5ordM0+g==

"@jridgewell/gen-mapping@^0.3.0":
  version "0.3.2"
  resolved "https://registry.yarnpkg.com/@jridgewell/gen-mapping/-/gen-mapping-0.3.2.tgz#c1aedc61e853f2bb9f5dfe6d4442d3b565b253b9"
  integrity sha512-mh65xKQAzI6iBcFzwv28KVWSmCkdRBWoOh+bYQGW3+6OZvbbN3TqMGo5hqYxQniRcH9F2VZIoJCm4pa3BPDK/A==
  dependencies:
    "@jridgewell/set-array" "^1.0.1"
    "@jridgewell/sourcemap-codec" "^1.4.10"
    "@jridgewell/trace-mapping" "^0.3.9"

"@jridgewell/resolve-uri@3.1.0":
  version "3.1.0"
  resolved "https://registry.yarnpkg.com/@jridgewell/resolve-uri/-/resolve-uri-3.1.0.tgz#2203b118c157721addfe69d47b70465463066d78"
  integrity sha512-F2msla3tad+Mfht5cJq7LSXcdudKTWCVYUgw6pLFOOHSTtZlj6SWNYAp+AhuqLmWdBO2X5hPrLcu8cVP8fy28w==

"@jridgewell/set-array@^1.0.1":
  version "1.1.2"
  resolved "https://registry.yarnpkg.com/@jridgewell/set-array/-/set-array-1.1.2.tgz#7c6cf998d6d20b914c0a55a91ae928ff25965e72"
  integrity sha512-xnkseuNADM0gt2bs+BvhO0p78Mk762YnZdsuzFV018NoG1Sj1SCQvpSqa7XUaTam5vAGasABV9qXASMKnFMwMw==

"@jridgewell/source-map@^0.3.2":
  version "0.3.2"
  resolved "https://registry.yarnpkg.com/@jridgewell/source-map/-/source-map-0.3.2.tgz#f45351aaed4527a298512ec72f81040c998580fb"
  integrity sha512-m7O9o2uR8k2ObDysZYzdfhb08VuEml5oWGiosa1VdaPZ/A6QyPkAJuwN0Q1lhULOf6B7MtQmHENS743hWtCrgw==
  dependencies:
    "@jridgewell/gen-mapping" "^0.3.0"
    "@jridgewell/trace-mapping" "^0.3.9"

"@jridgewell/sourcemap-codec@1.4.14", "@jridgewell/sourcemap-codec@^1.4.10":
  version "1.4.14"
  resolved "https://registry.yarnpkg.com/@jridgewell/sourcemap-codec/-/sourcemap-codec-1.4.14.tgz#add4c98d341472a289190b424efbdb096991bb24"
  integrity sha512-XPSJHWmi394fuUuzDnGz1wiKqWfo1yXecHQMRf2l6hztTO+nPru658AyDngaBe7isIxEkRsPR3FZh+s7iVa4Uw==

"@jridgewell/trace-mapping@^0.3.9":
  version "0.3.17"
  resolved "https://registry.yarnpkg.com/@jridgewell/trace-mapping/-/trace-mapping-0.3.17.tgz#793041277af9073b0951a7fe0f0d8c4c98c36985"
  integrity sha512-MCNzAp77qzKca9+W/+I0+sEpaUnZoeasnghNeVc41VZCEKaCH73Vq3BZZ/SzWIgrqE4H4ceI+p+b6C0mHf9T4g==
  dependencies:
    "@jridgewell/resolve-uri" "3.1.0"
    "@jridgewell/sourcemap-codec" "1.4.14"

"@types/node@^18.11.16":
  version "18.11.16"
  resolved "https://registry.yarnpkg.com/@types/node/-/node-18.11.16.tgz#966cae211e970199559cfbd295888fca189e49af"
  integrity sha512-6T7P5bDkRhqRxrQtwj7vru+bWTpelgtcETAZEUSdq0YISKz8WKdoBukQLYQQ6DFHvU9JRsbFq0JH5C51X2ZdnA==

"@types/web-bluetooth@^0.0.16":
  version "0.0.16"
  resolved "https://registry.yarnpkg.com/@types/web-bluetooth/-/web-bluetooth-0.0.16.tgz#1d12873a8e49567371f2a75fe3e7f7edca6662d8"
  integrity sha512-oh8q2Zc32S6gd/j50GowEjKLoOVOwHP/bWVjKJInBwQqdOYMdPrf1oVlelTlyfFK3CKxL1uahMDAr+vy8T7yMQ==

"@vitejs/plugin-vue@^4.0.0":
  version "4.0.0"
  resolved "https://registry.yarnpkg.com/@vitejs/plugin-vue/-/plugin-vue-4.0.0.tgz#93815beffd23db46288c787352a8ea31a0c03e5e"
  integrity sha512-e0X4jErIxAB5oLtDqbHvHpJe/uWNkdpYV83AOG2xo2tEVSzCzewgJMtREZM30wXnM5ls90hxiOtAuVU6H5JgbA==

"@volar/language-core@1.0.13":
  version "1.0.13"
  resolved "https://registry.yarnpkg.com/@volar/language-core/-/language-core-1.0.13.tgz#b846c2afe730121525984ecc2dc473ce4565b68b"
  integrity sha512-aJhRiNjKFgLLB3nRJOfAeyle4StnEQgOKa0UpJU+k5EZd3QdiMfQmekXjxYeQj7NOZNQU7zCBEIvQ3gy15I7tA==
  dependencies:
    "@volar/source-map" "1.0.13"
    "@vue/reactivity" "^3.2.45"
    muggle-string "^0.1.0"

"@volar/source-map@1.0.13":
  version "1.0.13"
  resolved "https://registry.yarnpkg.com/@volar/source-map/-/source-map-1.0.13.tgz#ede133b7bc39c9eb13a0c19204ac0a283845a104"
  integrity sha512-dU0plR9BS+bLs7u4chWay+VEIFTrLF15rG2634lGcu7o+z01bRO1U2cegZuIPy46SNkN3ONErLHwS09NBM+Ucg==
  dependencies:
    muggle-string "^0.1.0"

"@volar/typescript@1.0.13":
  version "1.0.13"
  resolved "https://registry.yarnpkg.com/@volar/typescript/-/typescript-1.0.13.tgz#d70a1a1f240967035476b669bad508966897265f"
  integrity sha512-CfJ4higRZrLDAHVGY84gZ444ZUcA3ktPqVMW0fM3mgHDbzYViB3/tsvXOtZk76D3HK2ap6n4cDwBSv3cY4xqlg==
  dependencies:
    "@volar/language-core" "1.0.13"

"@volar/vue-language-core@1.0.13":
  version "1.0.13"
  resolved "https://registry.yarnpkg.com/@volar/vue-language-core/-/vue-language-core-1.0.13.tgz#1ee3bff979f307471942b97bcdb3bbadecce5ae8"
  integrity sha512-DRUg7yk4w2+5XFk8LS1dbXEM0na2uAddOj3KWHROPQmn78pfgXEH3r0NGDCnxElWJX5Y16iameisOjtOhevxog==
  dependencies:
    "@volar/language-core" "1.0.13"
    "@volar/source-map" "1.0.13"
    "@vue/compiler-dom" "^3.2.45"
    "@vue/compiler-sfc" "^3.2.45"
    "@vue/reactivity" "^3.2.45"
    "@vue/shared" "^3.2.45"
    minimatch "^5.1.0"
    vue-template-compiler "^2.7.14"

"@volar/vue-typescript@1.0.13":
  version "1.0.13"
  resolved "https://registry.yarnpkg.com/@volar/vue-typescript/-/vue-typescript-1.0.13.tgz#6b23c24e3029f2301ae9927143b888f05c6f0082"
  integrity sha512-iEdkF5l6G10fv/G5hs7WcvtT48AT6y/Pm7pvafnB6SxPhm2uHQ+130x3zeWLMaUel5t6h5LBw2pFsF5Bh85QAQ==
  dependencies:
    "@volar/typescript" "1.0.13"
    "@volar/vue-language-core" "1.0.13"

"@vue/compiler-core@3.2.45":
  version "3.2.45"
  resolved "https://registry.yarnpkg.com/@vue/compiler-core/-/compiler-core-3.2.45.tgz#d9311207d96f6ebd5f4660be129fb99f01ddb41b"
  integrity sha512-rcMj7H+PYe5wBV3iYeUgbCglC+pbpN8hBLTJvRiK2eKQiWqu+fG9F+8sW99JdL4LQi7Re178UOxn09puSXvn4A==
  dependencies:
    "@babel/parser" "^7.16.4"
    "@vue/shared" "3.2.45"
    estree-walker "^2.0.2"
    source-map "^0.6.1"

"@vue/compiler-dom@3.2.45", "@vue/compiler-dom@^3.2.45":
  version "3.2.45"
  resolved "https://registry.yarnpkg.com/@vue/compiler-dom/-/compiler-dom-3.2.45.tgz#c43cc15e50da62ecc16a42f2622d25dc5fd97dce"
  integrity sha512-tyYeUEuKqqZO137WrZkpwfPCdiiIeXYCcJ8L4gWz9vqaxzIQRccTSwSWZ/Axx5YR2z+LvpUbmPNXxuBU45lyRw==
  dependencies:
    "@vue/compiler-core" "3.2.45"
    "@vue/shared" "3.2.45"

"@vue/compiler-sfc@3.2.45", "@vue/compiler-sfc@^3.2.45":
  version "3.2.45"
  resolved "https://registry.yarnpkg.com/@vue/compiler-sfc/-/compiler-sfc-3.2.45.tgz#7f7989cc04ec9e7c55acd406827a2c4e96872c70"
  integrity sha512-1jXDuWah1ggsnSAOGsec8cFjT/K6TMZ0sPL3o3d84Ft2AYZi2jWJgRMjw4iaK0rBfA89L5gw427H4n1RZQBu6Q==
  dependencies:
    "@babel/parser" "^7.16.4"
    "@vue/compiler-core" "3.2.45"
    "@vue/compiler-dom" "3.2.45"
    "@vue/compiler-ssr" "3.2.45"
    "@vue/reactivity-transform" "3.2.45"
    "@vue/shared" "3.2.45"
    estree-walker "^2.0.2"
    magic-string "^0.25.7"
    postcss "^8.1.10"
    source-map "^0.6.1"

"@vue/compiler-ssr@3.2.45":
  version "3.2.45"
  resolved "https://registry.yarnpkg.com/@vue/compiler-ssr/-/compiler-ssr-3.2.45.tgz#bd20604b6e64ea15344d5b6278c4141191c983b2"
  integrity sha512-6BRaggEGqhWht3lt24CrIbQSRD5O07MTmd+LjAn5fJj568+R9eUD2F7wMQJjX859seSlrYog7sUtrZSd7feqrQ==
  dependencies:
    "@vue/compiler-dom" "3.2.45"
    "@vue/shared" "3.2.45"

"@vue/devtools-api@^6.4.5":
  version "6.4.5"
  resolved "https://registry.yarnpkg.com/@vue/devtools-api/-/devtools-api-6.4.5.tgz#d54e844c1adbb1e677c81c665ecef1a2b4bb8380"
  integrity sha512-JD5fcdIuFxU4fQyXUu3w2KpAJHzTVdN+p4iOX2lMWSHMOoQdMAcpFLZzm9Z/2nmsoZ1a96QEhZ26e50xLBsgOQ==

"@vue/reactivity-transform@3.2.45":
  version "3.2.45"
  resolved "https://registry.yarnpkg.com/@vue/reactivity-transform/-/reactivity-transform-3.2.45.tgz#07ac83b8138550c83dfb50db43cde1e0e5e8124d"
  integrity sha512-BHVmzYAvM7vcU5WmuYqXpwaBHjsS8T63jlKGWVtHxAHIoMIlmaMyurUSEs1Zcg46M4AYT5MtB1U274/2aNzjJQ==
  dependencies:
    "@babel/parser" "^7.16.4"
    "@vue/compiler-core" "3.2.45"
    "@vue/shared" "3.2.45"
    estree-walker "^2.0.2"
    magic-string "^0.25.7"

"@vue/reactivity@3.2.45", "@vue/reactivity@^3.2.45":
  version "3.2.45"
  resolved "https://registry.yarnpkg.com/@vue/reactivity/-/reactivity-3.2.45.tgz#412a45b574de601be5a4a5d9a8cbd4dee4662ff0"
  integrity sha512-PRvhCcQcyEVohW0P8iQ7HDcIOXRjZfAsOds3N99X/Dzewy8TVhTCT4uXpAHfoKjVTJRA0O0K+6QNkDIZAxNi3A==
  dependencies:
    "@vue/shared" "3.2.45"

"@vue/runtime-core@3.2.45":
  version "3.2.45"
  resolved "https://registry.yarnpkg.com/@vue/runtime-core/-/runtime-core-3.2.45.tgz#7ad7ef9b2519d41062a30c6fa001ec43ac549c7f"
  integrity sha512-gzJiTA3f74cgARptqzYswmoQx0fIA+gGYBfokYVhF8YSXjWTUA2SngRzZRku2HbGbjzB6LBYSbKGIaK8IW+s0A==
  dependencies:
    "@vue/reactivity" "3.2.45"
    "@vue/shared" "3.2.45"

"@vue/runtime-dom@3.2.45":
  version "3.2.45"
  resolved "https://registry.yarnpkg.com/@vue/runtime-dom/-/runtime-dom-3.2.45.tgz#1a2ef6ee2ad876206fbbe2a884554bba2d0faf59"
  integrity sha512-cy88YpfP5Ue2bDBbj75Cb4bIEZUMM/mAkDMfqDTpUYVgTf/kuQ2VQ8LebuZ8k6EudgH8pYhsGWHlY0lcxlvTwA==
  dependencies:
    "@vue/runtime-core" "3.2.45"
    "@vue/shared" "3.2.45"
    csstype "^2.6.8"

"@vue/server-renderer@3.2.45":
  version "3.2.45"
  resolved "https://registry.yarnpkg.com/@vue/server-renderer/-/server-renderer-3.2.45.tgz#ca9306a0c12b0530a1a250e44f4a0abac6b81f3f"
  integrity sha512-ebiMq7q24WBU1D6uhPK//2OTR1iRIyxjF5iVq/1a5I1SDMDyDu4Ts6fJaMnjrvD3MqnaiFkKQj+LKAgz5WIK3g==
  dependencies:
    "@vue/compiler-ssr" "3.2.45"
    "@vue/shared" "3.2.45"

"@vue/shared@3.2.45", "@vue/shared@^3.2.45":
  version "3.2.45"
  resolved "https://registry.yarnpkg.com/@vue/shared/-/shared-3.2.45.tgz#a3fffa7489eafff38d984e23d0236e230c818bc2"
  integrity sha512-Ewzq5Yhimg7pSztDV+RH1UDKBzmtqieXQlpTVm2AwraoRL/Rks96mvd8Vgi7Lj+h+TH8dv7mXD3FRZR3TUvbSg==

"@vueuse/core@^9.6.0":
  version "9.7.0"
  resolved "https://registry.yarnpkg.com/@vueuse/core/-/core-9.7.0.tgz#5546ce8fbdca7a595671e7c05376c322b69268e6"
  integrity sha512-/AGY/t7jJPxCyRoVTygNKoroTiCvRaaZIW+yeSlBCnI7QRpQ9cvXNTdNaSl3GvSyFbn83+XwZwEZvI1OpQfeGw==
  dependencies:
    "@types/web-bluetooth" "^0.0.16"
    "@vueuse/metadata" "9.7.0"
    "@vueuse/shared" "9.7.0"
    vue-demi "*"

"@vueuse/metadata@9.7.0":
  version "9.7.0"
  resolved "https://registry.yarnpkg.com/@vueuse/metadata/-/metadata-9.7.0.tgz#0aeaaaba52d9cc9aa5b2ad2e129e5f6fbac2c44c"
  integrity sha512-M7WsAgw28FNtTH0bzsGuHEtJOPJqPpyeHS6PHq+8UesLgNjZ9waMAntiUrgUQlxt09M4i2lH7y9sRi0jkfeXGA==

"@vueuse/shared@9.7.0":
  version "9.7.0"
  resolved "https://registry.yarnpkg.com/@vueuse/shared/-/shared-9.7.0.tgz#bca8025dd248dd87e4726e78d46c4d3e523cb0c1"
  integrity sha512-pwmt1y3TJ2s5KqWmkv9ZKEV59GwuZQZk8XLiU+hGswz0jej318ozbea9E4A/A50ksyM26swSFr7sZ9llNPsZHg==
  dependencies:
    vue-demi "*"

acorn@^8.5.0:
  version "8.8.1"
  resolved "https://registry.yarnpkg.com/acorn/-/acorn-8.8.1.tgz#0a3f9cbecc4ec3bea6f0a80b66ae8dd2da250b73"
  integrity sha512-7zFpHzhnqYKrkYdUjF1HI1bzd0VygEGX8lFk4k5zVMqHEoES+P+7TKI+EvLO9WVMJ8eekdO0aDEK044xTXwPPA==

algoliasearch@^4.0.0:
  version "4.14.2"
  resolved "https://registry.yarnpkg.com/algoliasearch/-/algoliasearch-4.14.2.tgz#63f142583bfc3a9bd3cd4a1b098bf6fe58e56f6c"
  integrity sha512-ngbEQonGEmf8dyEh5f+uOIihv4176dgbuOZspiuhmTTBRBuzWu3KCGHre6uHj5YyuC7pNvQGzB6ZNJyZi0z+Sg==
  dependencies:
    "@algolia/cache-browser-local-storage" "4.14.2"
    "@algolia/cache-common" "4.14.2"
    "@algolia/cache-in-memory" "4.14.2"
    "@algolia/client-account" "4.14.2"
    "@algolia/client-analytics" "4.14.2"
    "@algolia/client-common" "4.14.2"
    "@algolia/client-personalization" "4.14.2"
    "@algolia/client-search" "4.14.2"
    "@algolia/logger-common" "4.14.2"
    "@algolia/logger-console" "4.14.2"
    "@algolia/requester-browser-xhr" "4.14.2"
    "@algolia/requester-common" "4.14.2"
    "@algolia/requester-node-http" "4.14.2"
    "@algolia/transporter" "4.14.2"

balanced-match@^1.0.0:
  version "1.0.2"
  resolved "https://registry.yarnpkg.com/balanced-match/-/balanced-match-1.0.2.tgz#e83e3a7e3f300b34cb9d87f615fa0cbf357690ee"
  integrity sha512-3oSeUO0TMV67hN1AmbXsK4yaqU7tjiHlbxRDZOpH0KW9+CeX4bRAaX0Anxt0tx2MrpRpWwQaPwIlISEJhYU5Pw==

body-scroll-lock@4.0.0-beta.0:
  version "4.0.0-beta.0"
  resolved "https://registry.yarnpkg.com/body-scroll-lock/-/body-scroll-lock-4.0.0-beta.0.tgz#4f78789d10e6388115c0460cd6d7d4dd2bbc4f7e"
  integrity sha512-a7tP5+0Mw3YlUJcGAKUqIBkYYGlYxk2fnCasq/FUph1hadxlTRjF+gAcZksxANnaMnALjxEddmSi/H3OR8ugcQ==

brace-expansion@^2.0.1:
  version "2.0.1"
  resolved "https://registry.yarnpkg.com/brace-expansion/-/brace-expansion-2.0.1.tgz#1edc459e0f0c548486ecf9fc99f2221364b9a0ae"
  integrity sha512-XnAIvQ8eM+kC6aULx6wuQiwVsnzsi9d3WxzV3FpWTGA19F621kwdbsAcFKXgKUHZWsy+mY6iL1sHTxWEFCytDA==
  dependencies:
    balanced-match "^1.0.0"

buffer-from@^1.0.0:
  version "1.1.2"
  resolved "https://registry.yarnpkg.com/buffer-from/-/buffer-from-1.1.2.tgz#2b146a6fd72e80b4f55d255f35ed59a3a9a41bd5"
  integrity sha512-E+XQCRwSbaaiChtv6k6Dwgc+bx+Bs6vuKJHHl5kox/BaKbhiXzqQOwK4cO22yElGp2OCmjwVhT3HmxgyPGnJfQ==

commander@^2.20.0:
  version "2.20.3"
  resolved "https://registry.yarnpkg.com/commander/-/commander-2.20.3.tgz#fd485e84c03eb4881c20722ba48035e8531aeb33"
  integrity sha512-GpVkmM8vF2vQUkj2LvZmD35JxeJOLCwJ9cUkugyk2nuhbv3+mJvpLYYt+0+USMxE+oj+ey/lJEnhZw75x/OMcQ==

csstype@^2.6.8:
  version "2.6.21"
  resolved "https://registry.yarnpkg.com/csstype/-/csstype-2.6.21.tgz#2efb85b7cc55c80017c66a5ad7cbd931fda3a90e"
  integrity sha512-Z1PhmomIfypOpoMjRQB70jfvy/wxT50qW08YXO5lMIJkrdq4yOTR+AW7FqutScmB9NkLwxo+jU+kZLbofZZq/w==

de-indent@^1.0.2:
  version "1.0.2"
  resolved "https://registry.yarnpkg.com/de-indent/-/de-indent-1.0.2.tgz#b2038e846dc33baa5796128d0804b455b8c1e21d"
  integrity sha512-e/1zu3xH5MQryN2zdVaF0OrdNLUbvWxzMbi+iNA6Bky7l1RoP8a2fIbRocyHclXt/arDrrR6lL3TqFD9pMQTsg==

esbuild@^0.16.3:
  version "0.16.8"
  resolved "https://registry.yarnpkg.com/esbuild/-/esbuild-0.16.8.tgz#e6a383ad7b321421a299b7bd66cb0a96eac6d70d"
  integrity sha512-RKxRaLYAI5b/IVJ5k8jK3bO2G7cch2ZIZFbfKHbBzpwsWt9+VChcBEndNISBBZ5c3WwekFfkfl11/2QfIGHgDw==
  optionalDependencies:
    "@esbuild/android-arm" "0.16.8"
    "@esbuild/android-arm64" "0.16.8"
    "@esbuild/android-x64" "0.16.8"
    "@esbuild/darwin-arm64" "0.16.8"
    "@esbuild/darwin-x64" "0.16.8"
    "@esbuild/freebsd-arm64" "0.16.8"
    "@esbuild/freebsd-x64" "0.16.8"
    "@esbuild/linux-arm" "0.16.8"
    "@esbuild/linux-arm64" "0.16.8"
    "@esbuild/linux-ia32" "0.16.8"
    "@esbuild/linux-loong64" "0.16.8"
    "@esbuild/linux-mips64el" "0.16.8"
    "@esbuild/linux-ppc64" "0.16.8"
    "@esbuild/linux-riscv64" "0.16.8"
    "@esbuild/linux-s390x" "0.16.8"
    "@esbuild/linux-x64" "0.16.8"
    "@esbuild/netbsd-x64" "0.16.8"
    "@esbuild/openbsd-x64" "0.16.8"
    "@esbuild/sunos-x64" "0.16.8"
    "@esbuild/win32-arm64" "0.16.8"
    "@esbuild/win32-ia32" "0.16.8"
    "@esbuild/win32-x64" "0.16.8"

estree-walker@^2.0.2:
  version "2.0.2"
  resolved "https://registry.yarnpkg.com/estree-walker/-/estree-walker-2.0.2.tgz#52f010178c2a4c117a7757cfe942adb7d2da4cac"
  integrity sha512-Rfkk/Mp/DL7JVje3u18FxFujQlTNR2q6QfMSMB7AvCBx91NGj/ba3kCfza0f6dVDbw7YlRf/nDrn7pQrCCyQ/w==

fsevents@~2.3.2:
  version "2.3.2"
  resolved "https://registry.yarnpkg.com/fsevents/-/fsevents-2.3.2.tgz#8a526f78b8fdf4623b709e0b975c52c24c02fd1a"
  integrity sha512-xiqMQR4xAeHTuB9uWm+fFRcIOgKBMiOBP+eXiyT7jsgVCq1bkVygt00oASowB7EdtpOHaaPgKt812P9ab+DDKA==

function-bind@^1.1.1:
  version "1.1.1"
  resolved "https://registry.yarnpkg.com/function-bind/-/function-bind-1.1.1.tgz#a56899d3ea3c9bab874bb9773b7c5ede92f4895d"
  integrity sha512-yIovAzMX49sF8Yl58fSCWJ5svSLuaibPxXQJFLmBObTuCr0Mf1KiPopGM9NiFjiYBCbfaa2Fh6breQ6ANVTI0A==

has@^1.0.3:
  version "1.0.3"
  resolved "https://registry.yarnpkg.com/has/-/has-1.0.3.tgz#722d7cbfc1f6aa8241f16dd814e011e1f41e8796"
  integrity sha512-f2dvO0VU6Oej7RkWJGrehjbzMAjFp5/VKPp5tTpWIV4JHHZK1/BxbFRtf/siA2SWTe09caDmVtYYzWEIbBS4zw==
  dependencies:
    function-bind "^1.1.1"

he@^1.2.0:
  version "1.2.0"
  resolved "https://registry.yarnpkg.com/he/-/he-1.2.0.tgz#84ae65fa7eafb165fddb61566ae14baf05664f0f"
  integrity sha512-F/1DnUGPopORZi0ni+CvrCgHQ5FyEAHRLSApuYWMmrbSwoN2Mn/7k+Gl38gJnR7yyDZk6WLXwiGod1JOWNDKGw==

is-core-module@^2.9.0:
  version "2.11.0"
  resolved "https://registry.yarnpkg.com/is-core-module/-/is-core-module-2.11.0.tgz#ad4cb3e3863e814523c96f3f58d26cc570ff0144"
  integrity sha512-RRjxlvLDkD1YJwDbroBHMb+cukurkDWNyHx7D3oNB5x9rb5ogcksMC5wHCadcXoo67gVr/+3GFySh3134zi6rw==
  dependencies:
    has "^1.0.3"

jsonc-parser@^3.0.0:
  version "3.2.0"
  resolved "https://registry.yarnpkg.com/jsonc-parser/-/jsonc-parser-3.2.0.tgz#31ff3f4c2b9793f89c67212627c51c6394f88e76"
  integrity sha512-gfFQZrcTc8CnKXp6Y4/CBT3fTc0OVuDofpre4aEeEpSBPV5X5v4+Vmx+8snU7RLPrNHPKSgLxGo9YuQzz20o+w==

magic-string@^0.25.7:
  version "0.25.9"
  resolved "https://registry.yarnpkg.com/magic-string/-/magic-string-0.25.9.tgz#de7f9faf91ef8a1c91d02c2e5314c8277dbcdd1c"
  integrity sha512-RmF0AsMzgt25qzqqLc1+MbHmhdx0ojF2Fvs4XnOqz2ZOBXzzkEwc/dJQZCYHAn7v1jbVOjAZfK8msRn4BxO4VQ==
  dependencies:
    sourcemap-codec "^1.4.8"

minimatch@^5.1.0:
  version "5.1.1"
  resolved "https://registry.yarnpkg.com/minimatch/-/minimatch-5.1.1.tgz#6c9dffcf9927ff2a31e74b5af11adf8b9604b022"
  integrity sha512-362NP+zlprccbEt/SkxKfRMHnNY85V74mVnpUpNyr3F35covl09Kec7/sEFLt3RA4oXmewtoaanoIf67SE5Y5g==
  dependencies:
    brace-expansion "^2.0.1"

muggle-string@^0.1.0:
  version "0.1.0"
  resolved "https://registry.yarnpkg.com/muggle-string/-/muggle-string-0.1.0.tgz#1fda8a281c8b27bb8b70466dbc9f27586a8baa6c"
  integrity sha512-Tr1knR3d2mKvvWthlk7202rywKbiOm4rVFLsfAaSIhJ6dt9o47W4S+JMtWhd/PW9Wrdew2/S2fSvhz3E2gkfEg==

nanoid@^3.3.4:
  version "3.3.4"
  resolved "https://registry.yarnpkg.com/nanoid/-/nanoid-3.3.4.tgz#730b67e3cd09e2deacf03c027c81c9d9dbc5e8ab"
  integrity sha512-MqBkQh/OHTS2egovRtLk45wEyNXwF+cokD+1YPf9u5VfJiRdAiRwB2froX5Co9Rh20xs4siNPm8naNotSD6RBw==

path-parse@^1.0.7:
  version "1.0.7"
  resolved "https://registry.yarnpkg.com/path-parse/-/path-parse-1.0.7.tgz#fbc114b60ca42b30d9daf5858e4bd68bbedb6735"
  integrity sha512-LDJzPVEEEPR+y48z93A0Ed0yXb8pAByGWo/k5YYdYgpY2/2EsOsksJrq7lOHxryrVOn1ejG6oAp8ahvOIQD8sw==

picocolors@^1.0.0:
  version "1.0.0"
  resolved "https://registry.yarnpkg.com/picocolors/-/picocolors-1.0.0.tgz#cb5bdc74ff3f51892236eaf79d68bc44564ab81c"
  integrity sha512-1fygroTLlHu66zi26VoTDv8yRgm0Fccecssto+MhsZ0D/DGW2sm8E8AjW7NU5VVTRt5GxbeZ5qBuJr+HyLYkjQ==

postcss@^8.1.10, postcss@^8.4.20:
  version "8.4.20"
  resolved "https://registry.yarnpkg.com/postcss/-/postcss-8.4.20.tgz#64c52f509644cecad8567e949f4081d98349dc56"
  integrity sha512-6Q04AXR1212bXr5fh03u8aAwbLxAQNGQ/Q1LNa0VfOI06ZAlhPHtQvE4OIdpj4kLThXilalPnmDSOD65DcHt+g==
  dependencies:
    nanoid "^3.3.4"
    picocolors "^1.0.0"
    source-map-js "^1.0.2"

preact@^10.0.0:
  version "10.11.3"
  resolved "https://registry.yarnpkg.com/preact/-/preact-10.11.3.tgz#8a7e4ba19d3992c488b0785afcc0f8aa13c78d19"
  integrity sha512-eY93IVpod/zG3uMF22Unl8h9KkrcKIRs2EGar8hwLZZDU1lkjph303V9HZBwufh2s736U6VXuhD109LYqPoffg==

resolve@^1.22.1:
  version "1.22.1"
  resolved "https://registry.yarnpkg.com/resolve/-/resolve-1.22.1.tgz#27cb2ebb53f91abb49470a928bba7558066ac177"
  integrity sha512-nBpuuYuY5jFsli/JIs1oldw6fOQCBioohqWZg/2hiaOybXOft4lonv85uDOKXdf8rhyK159cxU5cDcK/NKk8zw==
  dependencies:
    is-core-module "^2.9.0"
    path-parse "^1.0.7"
    supports-preserve-symlinks-flag "^1.0.0"

rollup@^3.7.0:
  version "3.7.5"
  resolved "https://registry.yarnpkg.com/rollup/-/rollup-3.7.5.tgz#db580f8eda50237b0721ddea301fb981cd992933"
  integrity sha512-z0ZbqHBtS/et2EEUKMrAl2CoSdwN7ZPzL17UMiKN9RjjqHShTlv7F9J6ZJZJNREYjBh3TvBrdfjkFDIXFNeuiQ==
  optionalDependencies:
    fsevents "~2.3.2"

shiki@^0.11.1:
  version "0.11.1"
  resolved "https://registry.yarnpkg.com/shiki/-/shiki-0.11.1.tgz#df0f719e7ab592c484d8b73ec10e215a503ab8cc"
  integrity sha512-EugY9VASFuDqOexOgXR18ZV+TbFrQHeCpEYaXamO+SZlsnT/2LxuLBX25GGtIrwaEVFXUAbUQ601SWE2rMwWHA==
  dependencies:
    jsonc-parser "^3.0.0"
    vscode-oniguruma "^1.6.1"
    vscode-textmate "^6.0.0"

source-map-js@^1.0.2:
  version "1.0.2"
  resolved "https://registry.yarnpkg.com/source-map-js/-/source-map-js-1.0.2.tgz#adbc361d9c62df380125e7f161f71c826f1e490c"
  integrity sha512-R0XvVJ9WusLiqTCEiGCmICCMplcCkIwwR11mOSD9CR5u+IXYdiseeEuXCVAjS54zqwkLcPNnmU4OeJ6tUrWhDw==

source-map-support@~0.5.20:
  version "0.5.21"
  resolved "https://registry.yarnpkg.com/source-map-support/-/source-map-support-0.5.21.tgz#04fe7c7f9e1ed2d662233c28cb2b35b9f63f6e4f"
  integrity sha512-uBHU3L3czsIyYXKX88fdrGovxdSCoTGDRZ6SYXtSRxLZUzHg5P/66Ht6uoUlHu9EZod+inXhKo3qQgwXUT/y1w==
  dependencies:
    buffer-from "^1.0.0"
    source-map "^0.6.0"

source-map@^0.6.0, source-map@^0.6.1:
  version "0.6.1"
  resolved "https://registry.yarnpkg.com/source-map/-/source-map-0.6.1.tgz#74722af32e9614e9c287a8d0bbde48b5e2f1a263"
  integrity sha512-UjgapumWlbMhkBgzT7Ykc5YXUT46F0iKu8SGXq0bcwP5dz/h0Plj6enJqjz1Zbq2l5WaqYnrVbwWOWMyF3F47g==

sourcemap-codec@^1.4.8:
  version "1.4.8"
  resolved "https://registry.yarnpkg.com/sourcemap-codec/-/sourcemap-codec-1.4.8.tgz#ea804bd94857402e6992d05a38ef1ae35a9ab4c4"
  integrity sha512-9NykojV5Uih4lgo5So5dtw+f0JgJX30KCNI8gwhz2J9A15wD0Ml6tjHKwf6fTSa6fAdVBdZeNOs9eJ71qCk8vA==

supports-preserve-symlinks-flag@^1.0.0:
  version "1.0.0"
  resolved "https://registry.yarnpkg.com/supports-preserve-symlinks-flag/-/supports-preserve-symlinks-flag-1.0.0.tgz#6eda4bd344a3c94aea376d4cc31bc77311039e09"
  integrity sha512-ot0WnXS9fgdkgIcePe6RHNk1WA8+muPa6cSjeR3V8K27q9BB1rTE3R1p7Hv0z1ZyAc8s6Vvv8DIyWf681MAt0w==

terser@^5.16.1:
  version "5.16.1"
  resolved "https://registry.yarnpkg.com/terser/-/terser-5.16.1.tgz#5af3bc3d0f24241c7fb2024199d5c461a1075880"
  integrity sha512-xvQfyfA1ayT0qdK47zskQgRZeWLoOQ8JQ6mIgRGVNwZKdQMU+5FkCBjmv4QjcrTzyZquRw2FVtlJSRUmMKQslw==
  dependencies:
    "@jridgewell/source-map" "^0.3.2"
    acorn "^8.5.0"
    commander "^2.20.0"
    source-map-support "~0.5.20"

typescript@^4.9.3:
  version "4.9.4"
  resolved "https://registry.yarnpkg.com/typescript/-/typescript-4.9.4.tgz#a2a3d2756c079abda241d75f149df9d561091e78"
  integrity sha512-Uz+dTXYzxXXbsFpM86Wh3dKCxrQqUcVMxwU54orwlJjOpO3ao8L7j5lH+dWfTwgCwIuM9GQ2kvVotzYJMXTBZg==

vite@^4.0.0:
  version "4.0.1"
  resolved "https://registry.yarnpkg.com/vite/-/vite-4.0.1.tgz#e0a54d818c28ae47fd27bcac6a4a952c6a658502"
  integrity sha512-kZQPzbDau35iWOhy3CpkrRC7It+HIHtulAzBhMqzGHKRf/4+vmh8rPDDdv98SWQrFWo6//3ozwsRmwQIPZsK9g==
  dependencies:
    esbuild "^0.16.3"
    postcss "^8.4.20"
    resolve "^1.22.1"
    rollup "^3.7.0"
  optionalDependencies:
    fsevents "~2.3.2"

vitepress@^1.0.0-alpha.32:
  version "1.0.0-alpha.32"
  resolved "https://registry.yarnpkg.com/vitepress/-/vitepress-1.0.0-alpha.32.tgz#0e650b901c90b01f119e39c137fa23175d5a70da"
  integrity sha512-Q45N1cLdRr8MAu/+wAKKow7CNQD4sNBlSNsW1UxYfkvSgwPN/dlEmpEkQl/uOpE3C1kv3jvvEJVY0RAIaJFWYQ==
  dependencies:
    "@docsearch/css" "^3.3.0"
    "@docsearch/js" "^3.3.0"
    "@vitejs/plugin-vue" "^4.0.0"
    "@vue/devtools-api" "^6.4.5"
    "@vueuse/core" "^9.6.0"
    body-scroll-lock "4.0.0-beta.0"
    shiki "^0.11.1"
    vite "^4.0.0"
    vue "^3.2.45"

vscode-oniguruma@^1.6.1:
  version "1.7.0"
  resolved "https://registry.yarnpkg.com/vscode-oniguruma/-/vscode-oniguruma-1.7.0.tgz#439bfad8fe71abd7798338d1cd3dc53a8beea94b"
  integrity sha512-L9WMGRfrjOhgHSdOYgCt/yRMsXzLDJSL7BPrOZt73gU0iWO4mpqzqQzOz5srxqTvMBaR0XZTSrVWo4j55Rc6cA==

vscode-textmate@^6.0.0:
  version "6.0.0"
  resolved "https://registry.yarnpkg.com/vscode-textmate/-/vscode-textmate-6.0.0.tgz#a3777197235036814ac9a92451492f2748589210"
  integrity sha512-gu73tuZfJgu+mvCSy4UZwd2JXykjK9zAZsfmDeut5dx/1a7FeTk0XwJsSuqQn+cuMCGVbIBfl+s53X4T19DnzQ==

vue-demi@*:
  version "0.13.11"
  resolved "https://registry.yarnpkg.com/vue-demi/-/vue-demi-0.13.11.tgz#7d90369bdae8974d87b1973564ad390182410d99"
  integrity sha512-IR8HoEEGM65YY3ZJYAjMlKygDQn25D5ajNFNoKh9RSDMQtlzCxtfQjdQgv9jjK+m3377SsJXY8ysq8kLCZL25A==

vue-template-compiler@^2.7.14:
  version "2.7.14"
  resolved "https://registry.yarnpkg.com/vue-template-compiler/-/vue-template-compiler-2.7.14.tgz#4545b7dfb88090744c1577ae5ac3f964e61634b1"
  integrity sha512-zyA5Y3ArvVG0NacJDkkzJuPQDF8RFeRlzV2vLeSnhSpieO6LK2OVbdLPi5MPPs09Ii+gMO8nY4S3iKQxBxDmWQ==
  dependencies:
    de-indent "^1.0.2"
    he "^1.2.0"

vue-tsc@^1.0.11:
  version "1.0.13"
  resolved "https://registry.yarnpkg.com/vue-tsc/-/vue-tsc-1.0.13.tgz#92541c9399552f9d8ae35baaa92657ba822a9a26"
  integrity sha512-DORISA3Fu9595xbg5HQqUj4XZVvkyRkcZFJCkCt1CeN7tIMgVRQ8ow07AKcbuHoEkqg7OI4qLu1wyC/VH3o5Ug==
  dependencies:
    "@volar/vue-language-core" "1.0.13"
    "@volar/vue-typescript" "1.0.13"

vue@^3.2.45:
  version "3.2.45"
  resolved "https://registry.yarnpkg.com/vue/-/vue-3.2.45.tgz#94a116784447eb7dbd892167784619fef379b3c8"
  integrity sha512-9Nx/Mg2b2xWlXykmCwiTUCWHbWIj53bnkizBxKai1g61f2Xit700A1ljowpTIM11e3uipOeiPcSqnmBg6gyiaA==
  dependencies:
    "@vue/compiler-dom" "3.2.45"
    "@vue/compiler-sfc" "3.2.45"
    "@vue/runtime-dom" "3.2.45"
    "@vue/server-renderer" "3.2.45"
    "@vue/shared" "3.2.45"
